{
  "version": 4,
  "terraform_version": "1.3.0",
  "serial": 147,
  "lineage": "cfdf1113-b7c2-bbe8-0a6c-c03dfb24c5e5",
  "outputs": {},
  "resources": [
    {
      "mode": "managed",
      "type": "azurerm_resource_group",
      "name": "rg",
      "provider": "provider[\"registry.terraform.io/hashicorp/azurerm\"]",
      "instances": [
        {
          "schema_version": 0,
          "attributes": {
            "id": "/subscriptions/dc6bcfa4-7db8-4f95-afaa-49236377382c/resourceGroups/nedum-prod-rg",
            "location": "eastus",
            "name": "nedum-prod-rg",
            "tags": {},
            "timeouts": null
          },
          "sensitive_attributes": [],
          "private": "eyJlMmJmYjczMC1lY2FhLTExZTYtOGY4OC0zNDM2M2JjN2M0YzAiOnsiY3JlYXRlIjo1NDAwMDAwMDAwMDAwLCJkZWxldGUiOjU0MDAwMDAwMDAwMDAsInJlYWQiOjMwMDAwMDAwMDAwMCwidXBkYXRlIjo1NDAwMDAwMDAwMDAwfX0="
        }
      ]
    },
    {
      "module": "module.logAnalytic-KV-storage-modules",
      "mode": "managed",
      "type": "azurerm_log_analytics_workspace",
      "name": "law",
      "provider": "provider[\"registry.terraform.io/hashicorp/azurerm\"]",
      "instances": [
        {
          "schema_version": 2,
          "attributes": {
            "daily_quota_gb": -1,
            "id": "/subscriptions/dc6bcfa4-7db8-4f95-afaa-49236377382c/resourceGroups/nedum-prod-rg/providers/Microsoft.OperationalInsights/workspaces/nedum-prod-workAnalyticsWorkspace",
            "internet_ingestion_enabled": true,
            "internet_query_enabled": true,
            "location": "eastus",
            "name": "nedum-prod-workAnalyticsWorkspace",
            "primary_shared_key": "nAZ71wfpx1ZjN+0WubozGMmhJPnL6jHcrR5ObcRjiMR9a6ou7FlBz3chkVtGBF7zN61xLh9HEaXxRtw5MEfMvw==",
            "reservation_capacity_in_gb_per_day": null,
            "resource_group_name": "nedum-prod-rg",
            "retention_in_days": 30,
            "secondary_shared_key": "d/81DNBGlSIy/xb8yszJrKd7M8T4lpR8pbtY2C6txhO3KqoYrn1DVa2qVmgqgUlly2qmhv71a2ZwALnD9law9Q==",
            "sku": "PerGB2018",
            "tags": {},
            "timeouts": null,
            "workspace_id": "5c8f6059-2b0e-478b-bd81-1b095b195b1c"
          },
          "sensitive_attributes": [],
          "private": "eyJlMmJmYjczMC1lY2FhLTExZTYtOGY4OC0zNDM2M2JjN2M0YzAiOnsiY3JlYXRlIjoxODAwMDAwMDAwMDAwLCJkZWxldGUiOjE4MDAwMDAwMDAwMDAsInJlYWQiOjMwMDAwMDAwMDAwMCwidXBkYXRlIjoxODAwMDAwMDAwMDAwfSwic2NoZW1hX3ZlcnNpb24iOiIyIn0=",
          "dependencies": [
            "azurerm_resource_group.rg"
          ]
        }
      ]
    },
    {
      "module": "module.logAnalytic-KV-storage-modules",
      "mode": "managed",
      "type": "azurerm_recovery_services_vault",
      "name": "rsv",
      "provider": "provider[\"registry.terraform.io/hashicorp/azurerm\"]",
      "instances": [
        {
          "schema_version": 0,
          "attributes": {
            "cross_region_restore_enabled": false,
            "encryption": [],
            "id": "/subscriptions/dc6bcfa4-7db8-4f95-afaa-49236377382c/resourceGroups/nedum-prod-rg/providers/Microsoft.RecoveryServices/vaults/nedum-prod-rsv",
            "identity": [],
            "location": "eastus",
            "name": "nedum-prod-rsv",
            "resource_group_name": "nedum-prod-rg",
            "sku": "Standard",
            "soft_delete_enabled": false,
            "storage_mode_type": "GeoRedundant",
            "tags": {},
            "timeouts": null
          },
          "sensitive_attributes": [],
          "private": "eyJlMmJmYjczMC1lY2FhLTExZTYtOGY4OC0zNDM2M2JjN2M0YzAiOnsiY3JlYXRlIjoxODAwMDAwMDAwMDAwLCJkZWxldGUiOjE4MDAwMDAwMDAwMDAsInJlYWQiOjMwMDAwMDAwMDAwMCwidXBkYXRlIjoxODAwMDAwMDAwMDAwfX0=",
          "dependencies": [
            "azurerm_resource_group.rg",
            "module.logAnalytic-KV-storage-modules.azurerm_storage_account.my_storage_account",
            "module.server-modules.azurerm_network_interface.my_terraform_nic",
            "module.server-modules.azurerm_public_ip.my_terraform_public_ip",
            "module.server-modules.azurerm_windows_virtual_machine.main",
            "module.vnet_modules.azurerm_subnet.my_terraform_subnet",
            "module.vnet_modules.azurerm_virtual_network.my_terraform_network"
          ]
        }
      ]
    },
    {
      "module": "module.logAnalytic-KV-storage-modules",
      "mode": "managed",
      "type": "azurerm_storage_account",
      "name": "my_storage_account",
      "provider": "provider[\"registry.terraform.io/hashicorp/azurerm\"]",
      "instances": [
        {
          "schema_version": 3,
          "attributes": {
            "access_tier": "Hot",
            "account_kind": "StorageV2",
            "account_replication_type": "LRS",
            "account_tier": "Standard",
            "allow_nested_items_to_be_public": true,
            "azure_files_authentication": [],
            "blob_properties": [
              {
                "change_feed_enabled": false,
                "container_delete_retention_policy": [],
                "cors_rule": [],
                "default_service_version": "",
                "delete_retention_policy": [],
                "last_access_time_enabled": false,
                "versioning_enabled": false
              }
            ],
            "custom_domain": [],
            "customer_managed_key": [],
            "edge_zone": "",
            "enable_https_traffic_only": true,
            "id": "/subscriptions/dc6bcfa4-7db8-4f95-afaa-49236377382c/resourceGroups/nedum-prod-rg/providers/Microsoft.Storage/storageAccounts/nedumprodstorageaccount",
            "identity": [],
            "infrastructure_encryption_enabled": false,
            "is_hns_enabled": false,
            "large_file_share_enabled": null,
            "location": "eastus",
            "min_tls_version": "TLS1_2",
            "name": "nedumprodstorageaccount",
            "network_rules": [
              {
                "bypass": [
                  "AzureServices"
                ],
                "default_action": "Allow",
                "ip_rules": [],
                "private_link_access": [],
                "virtual_network_subnet_ids": []
              }
            ],
            "nfsv3_enabled": false,
            "primary_access_key": "9SlDI8IcsKYmRTfdf0QDZrYHDjfWbf5ap4ZXFsejXOCo+vtLGFmD3cKXnOYSDRvC/5RuUJUj3nw1+AStFhb4CA==",
            "primary_blob_connection_string": "DefaultEndpointsProtocol=https;BlobEndpoint=https://nedumprodstorageaccount.blob.core.windows.net/;AccountName=nedumprodstorageaccount;AccountKey=9SlDI8IcsKYmRTfdf0QDZrYHDjfWbf5ap4ZXFsejXOCo+vtLGFmD3cKXnOYSDRvC/5RuUJUj3nw1+AStFhb4CA==",
            "primary_blob_endpoint": "https://nedumprodstorageaccount.blob.core.windows.net/",
            "primary_blob_host": "nedumprodstorageaccount.blob.core.windows.net",
            "primary_connection_string": "DefaultEndpointsProtocol=https;AccountName=nedumprodstorageaccount;AccountKey=9SlDI8IcsKYmRTfdf0QDZrYHDjfWbf5ap4ZXFsejXOCo+vtLGFmD3cKXnOYSDRvC/5RuUJUj3nw1+AStFhb4CA==;EndpointSuffix=core.windows.net",
            "primary_dfs_endpoint": "https://nedumprodstorageaccount.dfs.core.windows.net/",
            "primary_dfs_host": "nedumprodstorageaccount.dfs.core.windows.net",
            "primary_file_endpoint": "https://nedumprodstorageaccount.file.core.windows.net/",
            "primary_file_host": "nedumprodstorageaccount.file.core.windows.net",
            "primary_location": "eastus",
            "primary_queue_endpoint": "https://nedumprodstorageaccount.queue.core.windows.net/",
            "primary_queue_host": "nedumprodstorageaccount.queue.core.windows.net",
            "primary_table_endpoint": "https://nedumprodstorageaccount.table.core.windows.net/",
            "primary_table_host": "nedumprodstorageaccount.table.core.windows.net",
            "primary_web_endpoint": "https://nedumprodstorageaccount.z13.web.core.windows.net/",
            "primary_web_host": "nedumprodstorageaccount.z13.web.core.windows.net",
            "queue_encryption_key_type": "Service",
            "queue_properties": [
              {
                "cors_rule": [],
                "hour_metrics": [
                  {
                    "enabled": true,
                    "include_apis": true,
                    "retention_policy_days": 7,
                    "version": "1.0"
                  }
                ],
                "logging": [
                  {
                    "delete": false,
                    "read": false,
                    "retention_policy_days": 0,
                    "version": "1.0",
                    "write": false
                  }
                ],
                "minute_metrics": [
                  {
                    "enabled": false,
                    "include_apis": false,
                    "retention_policy_days": 0,
                    "version": "1.0"
                  }
                ]
              }
            ],
            "resource_group_name": "nedum-prod-rg",
            "routing": [],
            "secondary_access_key": "ZEJTjmntbET53MZ5eIx/I6NgmFuUfzqCyoqqw0eixLPYkycdhZB7NBpqEiHxCzCTlm3nEV8X9JEG+AStBSMpeQ==",
            "secondary_blob_connection_string": "",
            "secondary_blob_endpoint": null,
            "secondary_blob_host": null,
            "secondary_connection_string": "DefaultEndpointsProtocol=https;AccountName=nedumprodstorageaccount;AccountKey=ZEJTjmntbET53MZ5eIx/I6NgmFuUfzqCyoqqw0eixLPYkycdhZB7NBpqEiHxCzCTlm3nEV8X9JEG+AStBSMpeQ==;EndpointSuffix=core.windows.net",
            "secondary_dfs_endpoint": null,
            "secondary_dfs_host": null,
            "secondary_file_endpoint": null,
            "secondary_file_host": null,
            "secondary_location": "",
            "secondary_queue_endpoint": null,
            "secondary_queue_host": null,
            "secondary_table_endpoint": null,
            "secondary_table_host": null,
            "secondary_web_endpoint": null,
            "secondary_web_host": null,
            "share_properties": [
              {
                "cors_rule": [],
                "retention_policy": [
                  {
                    "days": 7
                  }
                ],
                "smb": []
              }
            ],
            "shared_access_key_enabled": true,
            "static_website": [],
            "table_encryption_key_type": "Service",
            "tags": {},
            "timeouts": null
          },
          "sensitive_attributes": [],
          "private": "eyJlMmJmYjczMC1lY2FhLTExZTYtOGY4OC0zNDM2M2JjN2M0YzAiOnsiY3JlYXRlIjozNjAwMDAwMDAwMDAwLCJkZWxldGUiOjM2MDAwMDAwMDAwMDAsInJlYWQiOjMwMDAwMDAwMDAwMCwidXBkYXRlIjozNjAwMDAwMDAwMDAwfSwic2NoZW1hX3ZlcnNpb24iOiIzIn0=",
          "dependencies": [
            "azurerm_resource_group.rg"
          ]
        }
      ]
    },
    {
      "module": "module.server-modules",
      "mode": "managed",
      "type": "azurerm_backup_policy_vm",
      "name": "backuppolicy",
      "provider": "provider[\"registry.terraform.io/hashicorp/azurerm\"]",
      "instances": [
        {
          "schema_version": 0,
          "attributes": {
            "backup": [
              {
                "frequency": "Daily",
                "time": "23:00",
                "weekdays": []
              }
            ],
            "id": "/subscriptions/dc6bcfa4-7db8-4f95-afaa-49236377382c/resourceGroups/nedum-prod-rg/providers/Microsoft.RecoveryServices/vaults/nedum-prod-rsv/backupPolicies/nedum-vm-prod-bpvmw",
            "instant_restore_retention_days": 2,
            "name": "nedum-vm-prod-bpvmw",
            "recovery_vault_name": "nedum-prod-rsv",
            "resource_group_name": "nedum-prod-rg",
            "retention_daily": [
              {
                "count": 10
              }
            ],
            "retention_monthly": [
              {
                "count": 7,
                "weekdays": [
                  "Sunday",
                  "Wednesday"
                ],
                "weeks": [
                  "First",
                  "Last"
                ]
              }
            ],
            "retention_weekly": [
              {
                "count": 42,
                "weekdays": [
                  "Friday",
                  "Saturday",
                  "Sunday",
                  "Wednesday"
                ]
              }
            ],
            "retention_yearly": [
              {
                "count": 77,
                "months": [
                  "January"
                ],
                "weekdays": [
                  "Sunday"
                ],
                "weeks": [
                  "Last"
                ]
              }
            ],
            "timeouts": null,
            "timezone": "UTC"
          },
          "sensitive_attributes": [],
          "private": "eyJlMmJmYjczMC1lY2FhLTExZTYtOGY4OC0zNDM2M2JjN2M0YzAiOnsiY3JlYXRlIjoxODAwMDAwMDAwMDAwLCJkZWxldGUiOjE4MDAwMDAwMDAwMDAsInJlYWQiOjMwMDAwMDAwMDAwMCwidXBkYXRlIjoxODAwMDAwMDAwMDAwfX0=",
          "dependencies": [
            "azurerm_resource_group.rg",
            "module.logAnalytic-KV-storage-modules.azurerm_recovery_services_vault.rsv",
            "module.logAnalytic-KV-storage-modules.azurerm_storage_account.my_storage_account",
            "module.server-modules.azurerm_network_interface.my_terraform_nic",
            "module.server-modules.azurerm_public_ip.my_terraform_public_ip",
            "module.server-modules.azurerm_windows_virtual_machine.main",
            "module.vnet_modules.azurerm_subnet.my_terraform_subnet",
            "module.vnet_modules.azurerm_virtual_network.my_terraform_network"
          ]
        }
      ]
    },
    {
      "module": "module.server-modules",
      "mode": "managed",
      "type": "azurerm_backup_protected_vm",
      "name": "backupProtect",
      "provider": "provider[\"registry.terraform.io/hashicorp/azurerm\"]",
      "instances": [
        {
          "schema_version": 0,
          "attributes": {
            "backup_policy_id": "/subscriptions/dc6bcfa4-7db8-4f95-afaa-49236377382c/resourceGroups/nedum-prod-rg/providers/Microsoft.RecoveryServices/vaults/nedum-prod-rsv/backupPolicies/nedum-vm-prod-bpvmw",
            "exclude_disk_luns": null,
            "id": "/subscriptions/dc6bcfa4-7db8-4f95-afaa-49236377382c/resourceGroups/nedum-prod-rg/providers/Microsoft.RecoveryServices/vaults/nedum-prod-rsv/backupFabrics/Azure/protectionContainers/IaasVMContainer;iaasvmcontainerv2;nedum-prod-rg;nedum-vm/protectedItems/VM;iaasvmcontainerv2;nedum-prod-rg;nedum-vm",
            "include_disk_luns": null,
            "recovery_vault_name": "nedum-prod-rsv",
            "resource_group_name": "nedum-prod-rg",
            "source_vm_id": "/subscriptions/dc6bcfa4-7db8-4f95-afaa-49236377382c/resourceGroups/nedum-prod-rg/providers/Microsoft.Compute/virtualMachines/nedum-vm",
            "timeouts": null
          },
          "sensitive_attributes": [],
          "private": "eyJlMmJmYjczMC1lY2FhLTExZTYtOGY4OC0zNDM2M2JjN2M0YzAiOnsiY3JlYXRlIjo0ODAwMDAwMDAwMDAwLCJkZWxldGUiOjQ4MDAwMDAwMDAwMDAsInJlYWQiOjMwMDAwMDAwMDAwMCwidXBkYXRlIjo0ODAwMDAwMDAwMDAwfX0=",
          "dependencies": [
            "azurerm_resource_group.rg",
            "module.logAnalytic-KV-storage-modules.azurerm_recovery_services_vault.rsv",
            "module.logAnalytic-KV-storage-modules.azurerm_storage_account.my_storage_account",
            "module.server-modules.azurerm_backup_policy_vm.backuppolicy",
            "module.server-modules.azurerm_network_interface.my_terraform_nic",
            "module.server-modules.azurerm_public_ip.my_terraform_public_ip",
            "module.server-modules.azurerm_windows_virtual_machine.main",
            "module.vnet_modules.azurerm_subnet.my_terraform_subnet",
            "module.vnet_modules.azurerm_virtual_network.my_terraform_network"
          ]
        }
      ]
    },
    {
      "module": "module.server-modules",
      "mode": "managed",
      "type": "azurerm_network_interface",
      "name": "my_terraform_nic",
      "provider": "provider[\"registry.terraform.io/hashicorp/azurerm\"]",
      "instances": [
        {
          "schema_version": 0,
          "attributes": {
            "applied_dns_servers": [],
            "dns_servers": [],
            "edge_zone": "",
            "enable_accelerated_networking": false,
            "enable_ip_forwarding": false,
            "id": "/subscriptions/dc6bcfa4-7db8-4f95-afaa-49236377382c/resourceGroups/nedum-prod-rg/providers/Microsoft.Network/networkInterfaces/nedum-vm-prod-nic",
            "internal_dns_name_label": "",
            "internal_domain_name_suffix": "bx2wighdaj2exbvm1rywxiuscd.bx.internal.cloudapp.net",
            "ip_configuration": [
              {
                "gateway_load_balancer_frontend_ip_configuration_id": "",
                "name": "my_nic_configuration",
                "primary": true,
                "private_ip_address": "10.0.1.4",
                "private_ip_address_allocation": "Dynamic",
                "private_ip_address_version": "IPv4",
                "public_ip_address_id": "/subscriptions/dc6bcfa4-7db8-4f95-afaa-49236377382c/resourceGroups/nedum-prod-rg/providers/Microsoft.Network/publicIPAddresses/nedum-vm-prod-public-ip",
                "subnet_id": "/subscriptions/dc6bcfa4-7db8-4f95-afaa-49236377382c/resourceGroups/nedum-prod-rg/providers/Microsoft.Network/virtualNetworks/nedum-prod-vnet/subnets/nedum-prod-subnet"
              }
            ],
            "location": "eastus",
            "mac_address": "00-22-48-26-C1-4B",
            "name": "nedum-vm-prod-nic",
            "private_ip_address": "10.0.1.4",
            "private_ip_addresses": [
              "10.0.1.4"
            ],
            "resource_group_name": "nedum-prod-rg",
            "tags": {},
            "timeouts": null,
            "virtual_machine_id": "/subscriptions/dc6bcfa4-7db8-4f95-afaa-49236377382c/resourceGroups/nedum-prod-rg/providers/Microsoft.Compute/virtualMachines/nedum-vm"
          },
          "sensitive_attributes": [],
          "private": "eyJlMmJmYjczMC1lY2FhLTExZTYtOGY4OC0zNDM2M2JjN2M0YzAiOnsiY3JlYXRlIjoxODAwMDAwMDAwMDAwLCJkZWxldGUiOjE4MDAwMDAwMDAwMDAsInJlYWQiOjMwMDAwMDAwMDAwMCwidXBkYXRlIjoxODAwMDAwMDAwMDAwfX0=",
          "dependencies": [
            "azurerm_resource_group.rg",
            "module.server-modules.azurerm_public_ip.my_terraform_public_ip",
            "module.vnet_modules.azurerm_subnet.my_terraform_subnet",
            "module.vnet_modules.azurerm_virtual_network.my_terraform_network"
          ]
        }
      ]
    },
    {
      "module": "module.server-modules",
      "mode": "managed",
      "type": "azurerm_network_interface_security_group_association",
      "name": "nsg-nic",
      "provider": "provider[\"registry.terraform.io/hashicorp/azurerm\"]",
      "instances": [
        {
          "schema_version": 0,
          "attributes": {
            "id": "/subscriptions/dc6bcfa4-7db8-4f95-afaa-49236377382c/resourceGroups/nedum-prod-rg/providers/Microsoft.Network/networkInterfaces/nedum-vm-prod-nic|/subscriptions/dc6bcfa4-7db8-4f95-afaa-49236377382c/resourceGroups/nedum-prod-rg/providers/Microsoft.Network/networkSecurityGroups/nedum-prod-nsg",
            "network_interface_id": "/subscriptions/dc6bcfa4-7db8-4f95-afaa-49236377382c/resourceGroups/nedum-prod-rg/providers/Microsoft.Network/networkInterfaces/nedum-vm-prod-nic",
            "network_security_group_id": "/subscriptions/dc6bcfa4-7db8-4f95-afaa-49236377382c/resourceGroups/nedum-prod-rg/providers/Microsoft.Network/networkSecurityGroups/nedum-prod-nsg",
            "timeouts": null
          },
          "sensitive_attributes": [],
          "private": "eyJlMmJmYjczMC1lY2FhLTExZTYtOGY4OC0zNDM2M2JjN2M0YzAiOnsiY3JlYXRlIjoxODAwMDAwMDAwMDAwLCJkZWxldGUiOjE4MDAwMDAwMDAwMDAsInJlYWQiOjMwMDAwMDAwMDAwMCwidXBkYXRlIjoxODAwMDAwMDAwMDAwfX0=",
          "dependencies": [
            "azurerm_resource_group.rg",
            "module.server-modules.azurerm_network_interface.my_terraform_nic",
            "module.server-modules.azurerm_public_ip.my_terraform_public_ip",
            "module.vnet_modules.azurerm_network_security_group.my_terraform_nsg",
            "module.vnet_modules.azurerm_subnet.my_terraform_subnet",
            "module.vnet_modules.azurerm_virtual_network.my_terraform_network"
          ]
        }
      ]
    },
    {
      "module": "module.server-modules",
      "mode": "managed",
      "type": "azurerm_public_ip",
      "name": "my_terraform_public_ip",
      "provider": "provider[\"registry.terraform.io/hashicorp/azurerm\"]",
      "instances": [
        {
          "schema_version": 0,
          "attributes": {
            "allocation_method": "Dynamic",
            "domain_name_label": null,
            "edge_zone": "",
            "fqdn": null,
            "id": "/subscriptions/dc6bcfa4-7db8-4f95-afaa-49236377382c/resourceGroups/nedum-prod-rg/providers/Microsoft.Network/publicIPAddresses/nedum-vm-prod-public-ip",
            "idle_timeout_in_minutes": 4,
            "ip_address": "20.124.104.41",
            "ip_tags": {},
            "ip_version": "IPv4",
            "location": "eastus",
            "name": "nedum-vm-prod-public-ip",
            "public_ip_prefix_id": null,
            "resource_group_name": "nedum-prod-rg",
            "reverse_fqdn": null,
            "sku": "Basic",
            "sku_tier": "Regional",
            "tags": {},
            "timeouts": null,
            "zones": []
          },
          "sensitive_attributes": [],
          "private": "eyJlMmJmYjczMC1lY2FhLTExZTYtOGY4OC0zNDM2M2JjN2M0YzAiOnsiY3JlYXRlIjoxODAwMDAwMDAwMDAwLCJkZWxldGUiOjE4MDAwMDAwMDAwMDAsInJlYWQiOjMwMDAwMDAwMDAwMCwidXBkYXRlIjoxODAwMDAwMDAwMDAwfX0=",
          "dependencies": [
            "azurerm_resource_group.rg"
          ]
        }
      ]
    },
    {
      "module": "module.server-modules",
      "mode": "managed",
      "type": "azurerm_virtual_machine_extension",
      "name": "mmaagent",
      "provider": "provider[\"registry.terraform.io/hashicorp/azurerm\"]",
      "instances": [
        {
          "schema_version": 0,
          "attributes": {
            "auto_upgrade_minor_version": true,
            "automatic_upgrade_enabled": false,
            "id": "/subscriptions/dc6bcfa4-7db8-4f95-afaa-49236377382c/resourceGroups/nedum-prod-rg/providers/Microsoft.Compute/virtualMachines/nedum-vm/extensions/mmaagent",
            "name": "mmaagent",
            "protected_settings": "   {\n      \"workspaceKey\": \"nAZ71wfpx1ZjN+0WubozGMmhJPnL6jHcrR5ObcRjiMR9a6ou7FlBz3chkVtGBF7zN61xLh9HEaXxRtw5MEfMvw==\"\n      \n   }\n",
            "publisher": "Microsoft.EnterpriseCloud.Monitoring",
            "settings": "{\"workspaceId\":\"5c8f6059-2b0e-478b-bd81-1b095b195b1c\"}",
            "tags": {},
            "timeouts": null,
            "type": "MicrosoftMonitoringAgent",
            "type_handler_version": "1.0",
            "virtual_machine_id": "/subscriptions/dc6bcfa4-7db8-4f95-afaa-49236377382c/resourceGroups/nedum-prod-rg/providers/Microsoft.Compute/virtualMachines/nedum-vm"
          },
          "sensitive_attributes": [
            [
              {
                "type": "get_attr",
                "value": "protected_settings"
              }
            ]
          ],
          "private": "eyJlMmJmYjczMC1lY2FhLTExZTYtOGY4OC0zNDM2M2JjN2M0YzAiOnsiY3JlYXRlIjoxODAwMDAwMDAwMDAwLCJkZWxldGUiOjE4MDAwMDAwMDAwMDAsInJlYWQiOjMwMDAwMDAwMDAwMCwidXBkYXRlIjoxODAwMDAwMDAwMDAwfX0=",
          "dependencies": [
            "azurerm_resource_group.rg",
            "module.logAnalytic-KV-storage-modules.azurerm_log_analytics_workspace.law",
            "module.logAnalytic-KV-storage-modules.azurerm_storage_account.my_storage_account",
            "module.server-modules.azurerm_network_interface.my_terraform_nic",
            "module.server-modules.azurerm_public_ip.my_terraform_public_ip",
            "module.server-modules.azurerm_windows_virtual_machine.main",
            "module.vnet_modules.azurerm_subnet.my_terraform_subnet",
            "module.vnet_modules.azurerm_virtual_network.my_terraform_network"
          ]
        }
      ]
    },
    {
      "module": "module.server-modules",
      "mode": "managed",
      "type": "azurerm_windows_virtual_machine",
      "name": "main",
      "provider": "provider[\"registry.terraform.io/hashicorp/azurerm\"]",
      "instances": [
        {
          "schema_version": 0,
          "attributes": {
            "additional_capabilities": [],
            "additional_unattend_content": [],
            "admin_password": "Fitb@5044444",
            "admin_username": "chinedumeze",
            "allow_extension_operations": true,
            "availability_set_id": "",
            "boot_diagnostics": [
              {
                "storage_account_uri": "https://nedumprodstorageaccount.blob.core.windows.net/"
              }
            ],
            "computer_name": "nedum-vm",
            "custom_data": null,
            "dedicated_host_group_id": "",
            "dedicated_host_id": "",
            "edge_zone": "",
            "enable_automatic_updates": true,
            "encryption_at_host_enabled": false,
            "eviction_policy": "",
            "extensions_time_budget": "PT1H30M",
            "hotpatching_enabled": false,
            "id": "/subscriptions/dc6bcfa4-7db8-4f95-afaa-49236377382c/resourceGroups/nedum-prod-rg/providers/Microsoft.Compute/virtualMachines/nedum-vm",
            "identity": [],
            "license_type": "",
            "location": "eastus",
            "max_bid_price": -1,
            "name": "nedum-vm",
            "network_interface_ids": [
              "/subscriptions/dc6bcfa4-7db8-4f95-afaa-49236377382c/resourceGroups/nedum-prod-rg/providers/Microsoft.Network/networkInterfaces/nedum-vm-prod-nic"
            ],
            "os_disk": [
              {
                "caching": "ReadWrite",
                "diff_disk_settings": [],
                "disk_encryption_set_id": "",
                "disk_size_gb": 127,
                "name": "myOsDisk",
                "storage_account_type": "Premium_LRS",
                "write_accelerator_enabled": false
              }
            ],
            "patch_mode": "AutomaticByOS",
            "plan": [],
            "platform_fault_domain": -1,
            "priority": "Regular",
            "private_ip_address": "10.0.1.4",
            "private_ip_addresses": [
              "10.0.1.4"
            ],
            "provision_vm_agent": true,
            "proximity_placement_group_id": "",
            "public_ip_address": "20.124.104.41",
            "public_ip_addresses": [
              "20.124.104.41"
            ],
            "resource_group_name": "nedum-prod-rg",
            "secret": [],
            "secure_boot_enabled": false,
            "size": "Standard_DS1_v2",
            "source_image_id": "",
            "source_image_reference": [
              {
                "offer": "WindowsServer",
                "publisher": "MicrosoftWindowsServer",
                "sku": "2022-datacenter-azure-edition",
                "version": "latest"
              }
            ],
            "tags": {},
            "termination_notification": [],
            "timeouts": null,
            "timezone": "",
            "user_data": "",
            "virtual_machine_id": "97cdf86b-b8ff-424e-95cf-394cc8e4dad6",
            "virtual_machine_scale_set_id": "",
            "vtpm_enabled": false,
            "winrm_listener": [],
            "zone": ""
          },
          "sensitive_attributes": [],
          "private": "eyJlMmJmYjczMC1lY2FhLTExZTYtOGY4OC0zNDM2M2JjN2M0YzAiOnsiY3JlYXRlIjoyNzAwMDAwMDAwMDAwLCJkZWxldGUiOjI3MDAwMDAwMDAwMDAsInJlYWQiOjMwMDAwMDAwMDAwMCwidXBkYXRlIjoyNzAwMDAwMDAwMDAwfX0=",
          "dependencies": [
            "azurerm_resource_group.rg",
            "module.logAnalytic-KV-storage-modules.azurerm_storage_account.my_storage_account",
            "module.server-modules.azurerm_network_interface.my_terraform_nic",
            "module.server-modules.azurerm_public_ip.my_terraform_public_ip",
            "module.vnet_modules.azurerm_subnet.my_terraform_subnet",
            "module.vnet_modules.azurerm_virtual_network.my_terraform_network"
          ]
        }
      ]
    },
    {
      "module": "module.vnet_modules",
      "mode": "managed",
      "type": "azurerm_network_security_group",
      "name": "my_terraform_nsg",
      "provider": "provider[\"registry.terraform.io/hashicorp/azurerm\"]",
      "instances": [
        {
          "schema_version": 0,
          "attributes": {
            "id": "/subscriptions/dc6bcfa4-7db8-4f95-afaa-49236377382c/resourceGroups/nedum-prod-rg/providers/Microsoft.Network/networkSecurityGroups/nedum-prod-nsg",
            "location": "eastus",
            "name": "nedum-prod-nsg",
            "resource_group_name": "nedum-prod-rg",
            "security_rule": [
              {
                "access": "Allow",
                "description": "",
                "destination_address_prefix": "*",
                "destination_address_prefixes": [],
                "destination_application_security_group_ids": [],
                "destination_port_range": "3389",
                "destination_port_ranges": [],
                "direction": "Inbound",
                "name": "RDP",
                "priority": 1000,
                "protocol": "*",
                "source_address_prefix": "*",
                "source_address_prefixes": [],
                "source_application_security_group_ids": [],
                "source_port_range": "*",
                "source_port_ranges": []
              },
              {
                "access": "Allow",
                "description": "",
                "destination_address_prefix": "*",
                "destination_address_prefixes": [],
                "destination_application_security_group_ids": [],
                "destination_port_range": "80",
                "destination_port_ranges": [],
                "direction": "Inbound",
                "name": "web",
                "priority": 1001,
                "protocol": "Tcp",
                "source_address_prefix": "*",
                "source_address_prefixes": [],
                "source_application_security_group_ids": [],
                "source_port_range": "*",
                "source_port_ranges": []
              }
            ],
            "tags": {},
            "timeouts": null
          },
          "sensitive_attributes": [],
          "private": "eyJlMmJmYjczMC1lY2FhLTExZTYtOGY4OC0zNDM2M2JjN2M0YzAiOnsiY3JlYXRlIjoxODAwMDAwMDAwMDAwLCJkZWxldGUiOjE4MDAwMDAwMDAwMDAsInJlYWQiOjMwMDAwMDAwMDAwMCwidXBkYXRlIjoxODAwMDAwMDAwMDAwfX0=",
          "dependencies": [
            "azurerm_resource_group.rg",
            "module.vnet_modules.azurerm_virtual_network.my_terraform_network"
          ]
        }
      ]
    },
    {
      "module": "module.vnet_modules",
      "mode": "managed",
      "type": "azurerm_subnet",
      "name": "my_terraform_subnet",
      "provider": "provider[\"registry.terraform.io/hashicorp/azurerm\"]",
      "instances": [
        {
          "schema_version": 0,
          "attributes": {
            "address_prefixes": [
              "10.0.1.0/24"
            ],
            "delegation": [],
            "enforce_private_link_endpoint_network_policies": false,
            "enforce_private_link_service_network_policies": false,
            "id": "/subscriptions/dc6bcfa4-7db8-4f95-afaa-49236377382c/resourceGroups/nedum-prod-rg/providers/Microsoft.Network/virtualNetworks/nedum-prod-vnet/subnets/nedum-prod-subnet",
            "name": "nedum-prod-subnet",
            "resource_group_name": "nedum-prod-rg",
            "service_endpoint_policy_ids": [],
            "service_endpoints": [],
            "timeouts": null,
            "virtual_network_name": "nedum-prod-vnet"
          },
          "sensitive_attributes": [],
          "private": "eyJlMmJmYjczMC1lY2FhLTExZTYtOGY4OC0zNDM2M2JjN2M0YzAiOnsiY3JlYXRlIjoxODAwMDAwMDAwMDAwLCJkZWxldGUiOjE4MDAwMDAwMDAwMDAsInJlYWQiOjMwMDAwMDAwMDAwMCwidXBkYXRlIjoxODAwMDAwMDAwMDAwfX0=",
          "dependencies": [
            "azurerm_resource_group.rg",
            "module.vnet_modules.azurerm_virtual_network.my_terraform_network"
          ]
        }
      ]
    },
    {
      "module": "module.vnet_modules",
      "mode": "managed",
      "type": "azurerm_virtual_network",
      "name": "my_terraform_network",
      "provider": "provider[\"registry.terraform.io/hashicorp/azurerm\"]",
      "instances": [
        {
          "schema_version": 0,
          "attributes": {
            "address_space": [
              "10.0.0.0/16"
            ],
            "bgp_community": "",
            "ddos_protection_plan": [],
            "dns_servers": [],
            "edge_zone": "",
            "flow_timeout_in_minutes": 0,
            "guid": "1864f90d-02e3-4b78-86ac-dc716ba29213",
            "id": "/subscriptions/dc6bcfa4-7db8-4f95-afaa-49236377382c/resourceGroups/nedum-prod-rg/providers/Microsoft.Network/virtualNetworks/nedum-prod-vnet",
            "location": "eastus",
            "name": "nedum-prod-vnet",
            "resource_group_name": "nedum-prod-rg",
            "subnet": [
              {
                "address_prefix": "10.0.1.0/24",
                "id": "/subscriptions/dc6bcfa4-7db8-4f95-afaa-49236377382c/resourceGroups/nedum-prod-rg/providers/Microsoft.Network/virtualNetworks/nedum-prod-vnet/subnets/nedum-prod-subnet",
                "name": "nedum-prod-subnet",
                "security_group": ""
              }
            ],
            "tags": {},
            "timeouts": null
          },
          "sensitive_attributes": [],
          "private": "eyJlMmJmYjczMC1lY2FhLTExZTYtOGY4OC0zNDM2M2JjN2M0YzAiOnsiY3JlYXRlIjoxODAwMDAwMDAwMDAwLCJkZWxldGUiOjE4MDAwMDAwMDAwMDAsInJlYWQiOjMwMDAwMDAwMDAwMCwidXBkYXRlIjoxODAwMDAwMDAwMDAwfX0=",
          "dependencies": [
            "azurerm_resource_group.rg"
          ]
        }
      ]
    }
  ],
  "check_results": []
}
